
Microsoft Visual Studio Solution File, Format Version 12.00
# Visual Studio 2013
VisualStudioVersion = 12.0.30723.0
MinimumVisualStudioVersion = 10.0.40219.1
Project("{FAE04EC0-301F-11D3-BF4B-00C04F79EFBC}") = "ReviewNotifier.WindowsPhoneSilverlight", "ReviewNotifier.WindowsPhoneSilverlight\ReviewNotifier.WindowsPhoneSilverlight.csproj", "{7A8F5AFC-FA4F-43C8-B720-188D3354A467}"
EndProject
Project("{2150E333-8FDC-42A3-9474-1A3956D46DE8}") = "NuGet", "NuGet", "{F5FA6658-08B7-42D0-A010-36B39981D3B9}"
	ProjectSection(SolutionItems) = preProject
		NuGet\icon.png = NuGet\icon.png
		NuGet\Package.nuspec = NuGet\Package.nuspec
		NuGet\readme.txt = NuGet\readme.txt
	EndProjectSection
EndProject
Project("{FAE04EC0-301F-11D3-BF4B-00C04F79EFBC}") = "ReviewNotifier.Windows", "ReviewNotifier.Windows\ReviewNotifier.Windows.csproj", "{ECF5FBD3-4884-4F51-B889-A1862017E186}"
EndProject
Project("{FAE04EC0-301F-11D3-BF4B-00C04F79EFBC}") = "ReviewNotifier.WindowsPhone", "ReviewNotifier.WindowsPhone\ReviewNotifier.WindowsPhone.csproj", "{45C7B09E-27F3-4307-8077-AAD9DED1DCE2}"
EndProject
Global
	GlobalSection(SolutionConfigurationPlatforms) = preSolution
		Debug|Any CPU = Debug|Any CPU
		Debug|ARM = Debug|ARM
		Debug|x64 = Debug|x64
		Debug|x86 = Debug|x86
		Release|Any CPU = Release|Any CPU
		Release|ARM = Release|ARM
		Release|x64 = Release|x64
		Release|x86 = Release|x86
	EndGlobalSection
	GlobalSection(ProjectConfigurationPlatforms) = postSolution
		{7A8F5AFC-FA4F-43C8-B720-188D3354A467}.Debug|Any CPU.ActiveCfg = Debug|Any CPU
		{7A8F5AFC-FA4F-43C8-B720-188D3354A467}.Debug|Any CPU.Build.0 = Debug|Any CPU
		{7A8F5AFC-FA4F-43C8-B720-188D3354A467}.Debug|ARM.ActiveCfg = Debug|ARM
		{7A8F5AFC-FA4F-43C8-B720-188D3354A467}.Debug|ARM.Build.0 = Debug|ARM
		{7A8F5AFC-FA4F-43C8-B720-188D3354A467}.Debug|x64.ActiveCfg = Debug|Any CPU
		{7A8F5AFC-FA4F-43C8-B720-188D3354A467}.Debug|x86.ActiveCfg = Debug|x86
		{7A8F5AFC-FA4F-43C8-B720-188D3354A467}.Debug|x86.Build.0 = Debug|x86
		{7A8F5AFC-FA4F-43C8-B720-188D3354A467}.Release|Any CPU.ActiveCfg = Release|Any CPU
		{7A8F5AFC-FA4F-43C8-B720-188D3354A467}.Release|Any CPU.Build.0 = Release|Any CPU
		{7A8F5AFC-FA4F-43C8-B720-188D3354A467}.Release|ARM.ActiveCfg = Release|ARM
		{7A8F5AFC-FA4F-43C8-B720-188D3354A467}.Release|ARM.Build.0 = Release|ARM
		{7A8F5AFC-FA4F-43C8-B720-188D3354A467}.Release|x64.ActiveCfg = Release|Any CPU
		{7A8F5AFC-FA4F-43C8-B720-188D3354A467}.Release|x86.ActiveCfg = Release|x86
		{7A8F5AFC-FA4F-43C8-B720-188D3354A467}.Release|x86.Build.0 = Release|x86
		{ECF5FBD3-4884-4F51-B889-A1862017E186}.Debug|Any CPU.ActiveCfg = Debug|Any CPU
		{ECF5FBD3-4884-4F51-B889-A1862017E186}.Debug|Any CPU.Build.0 = Debug|Any CPU
		{ECF5FBD3-4884-4F51-B889-A1862017E186}.Debug|ARM.ActiveCfg = Debug|ARM
		{ECF5FBD3-4884-4F51-B889-A1862017E186}.Debug|ARM.Build.0 = Debug|ARM
		{ECF5FBD3-4884-4F51-B889-A1862017E186}.Debug|x64.ActiveCfg = Debug|x64
		{ECF5FBD3-4884-4F51-B889-A1862017E186}.Debug|x64.Build.0 = Debug|x64
		{ECF5FBD3-4884-4F51-B889-A1862017E186}.Debug|x86.ActiveCfg = Debug|x86
		{ECF5FBD3-4884-4F51-B889-A1862017E186}.Debug|x86.Build.0 = Debug|x86
		{ECF5FBD3-4884-4F51-B889-A1862017E186}.Release|Any CPU.ActiveCfg = Release|Any CPU
		{ECF5FBD3-4884-4F51-B889-A1862017E186}.Release|Any CPU.Build.0 = Release|Any CPU
		{ECF5FBD3-4884-4F51-B889-A1862017E186}.Release|ARM.ActiveCfg = Release|ARM
		{ECF5FBD3-4884-4F51-B889-A1862017E186}.Release|ARM.Build.0 = Release|ARM
		{ECF5FBD3-4884-4F51-B889-A1862017E186}.Release|x64.ActiveCfg = Release|x64
		{ECF5FBD3-4884-4F51-B889-A1862017E186}.Release|x64.Build.0 = Release|x64
		{ECF5FBD3-4884-4F51-B889-A1862017E186}.Release|x86.ActiveCfg = Release|x86
		{ECF5FBD3-4884-4F51-B889-A1862017E186}.Release|x86.Build.0 = Release|x86
		{45C7B09E-27F3-4307-8077-AAD9DED1DCE2}.Debug|Any CPU.ActiveCfg = Debug|Any CPU
		{45C7B09E-27F3-4307-8077-AAD9DED1DCE2}.Debug|Any CPU.Build.0 = Debug|Any CPU
		{45C7B09E-27F3-4307-8077-AAD9DED1DCE2}.Debug|ARM.ActiveCfg = Debug|ARM
		{45C7B09E-27F3-4307-8077-AAD9DED1DCE2}.Debug|ARM.Build.0 = Debug|ARM
		{45C7B09E-27F3-4307-8077-AAD9DED1DCE2}.Debug|x64.ActiveCfg = Debug|Any CPU
		{45C7B09E-27F3-4307-8077-AAD9DED1DCE2}.Debug|x86.ActiveCfg = Debug|x86
		{45C7B09E-27F3-4307-8077-AAD9DED1DCE2}.Debug|x86.Build.0 = Debug|x86
		{45C7B09E-27F3-4307-8077-AAD9DED1DCE2}.Release|Any CPU.ActiveCfg = Release|Any CPU
		{45C7B09E-27F3-4307-8077-AAD9DED1DCE2}.Release|Any CPU.Build.0 = Release|Any CPU
		{45C7B09E-27F3-4307-8077-AAD9DED1DCE2}.Release|ARM.ActiveCfg = Release|ARM
		{45C7B09E-27F3-4307-8077-AAD9DED1DCE2}.Release|ARM.Build.0 = Release|ARM
		{45C7B09E-27F3-4307-8077-AAD9DED1DCE2}.Release|x64.ActiveCfg = Release|Any CPU
		{45C7B09E-27F3-4307-8077-AAD9DED1DCE2}.Release|x86.ActiveCfg = Release|x86
		{45C7B09E-27F3-4307-8077-AAD9DED1DCE2}.Release|x86.Build.0 = Release|x86
	EndGlobalSection
	GlobalSection(SolutionProperties) = preSolution
		HideSolutionNode = FALSE
	EndGlobalSection
EndGlobal
